// !$*UTF8*$!
{
	archiveVersion = 1;
	classes = {
	};
	objectVersion = 46;
	objects = {

/* Begin PBXBuildFile section */
		066932841EDBE62600E09963 /* LoginViewController.swift in Sources */ = {isa = PBXBuildFile; fileRef = 066932831EDBE62600E09963 /* LoginViewController.swift */; };
		066932891EDBEDB300E09963 /* TeamworkRouter.swift in Sources */ = {isa = PBXBuildFile; fileRef = 066932881EDBEDB300E09963 /* TeamworkRouter.swift */; };
		0669328B1EDBEDD000E09963 /* TeamworkError.swift in Sources */ = {isa = PBXBuildFile; fileRef = 0669328A1EDBEDD000E09963 /* TeamworkError.swift */; };
		0669328E1EDCDE9800E09963 /* AuthenticationService.swift in Sources */ = {isa = PBXBuildFile; fileRef = 0669328D1EDCDE9800E09963 /* AuthenticationService.swift */; };
		06DB6F031EB8144000FF1B24 /* AppDelegate.swift in Sources */ = {isa = PBXBuildFile; fileRef = 06DB6F021EB8144000FF1B24 /* AppDelegate.swift */; };
		06DB6F081EB8144000FF1B24 /* Main.storyboard in Resources */ = {isa = PBXBuildFile; fileRef = 06DB6F061EB8144000FF1B24 /* Main.storyboard */; };
		06DB6F0D1EB8144000FF1B24 /* Assets.xcassets in Resources */ = {isa = PBXBuildFile; fileRef = 06DB6F0C1EB8144000FF1B24 /* Assets.xcassets */; };
		06DB6F101EB8144000FF1B24 /* LaunchScreen.storyboard in Resources */ = {isa = PBXBuildFile; fileRef = 06DB6F0E1EB8144000FF1B24 /* LaunchScreen.storyboard */; };
		21D8754296CBA49ECF395BBF /* Pods_TimeLogger.framework in Frameworks */ = {isa = PBXBuildFile; fileRef = 0B27567B34860473B11B0DB9 /* Pods_TimeLogger.framework */; };
		C7208AC4D7F19AD46ACB5D61 /* Pods_TimeLoggerTests.framework in Frameworks */ = {isa = PBXBuildFile; fileRef = 1DB3B0B7249559036BFDA765 /* Pods_TimeLoggerTests.framework */; };
/* End PBXBuildFile section */

/* Begin PBXContainerItemProxy section */
		06DB6F171EB8144000FF1B24 /* PBXContainerItemProxy */ = {
			isa = PBXContainerItemProxy;
			containerPortal = 06DB6EF71EB8144000FF1B24 /* Project object */;
			proxyType = 1;
			remoteGlobalIDString = 06DB6EFE1EB8144000FF1B24;
			remoteInfo = TimeLogger;
		};
/* End PBXContainerItemProxy section */

/* Begin PBXFileReference section */
		066932831EDBE62600E09963 /* LoginViewController.swift */ = {isa = PBXFileReference; fileEncoding = 4; lastKnownFileType = sourcecode.swift; path = LoginViewController.swift; sourceTree = "<group>"; };
		066932881EDBEDB300E09963 /* TeamworkRouter.swift */ = {isa = PBXFileReference; fileEncoding = 4; lastKnownFileType = sourcecode.swift; name = TeamworkRouter.swift; path = TeamworkAPI/TeamworkRouter.swift; sourceTree = "<group>"; };
		0669328A1EDBEDD000E09963 /* TeamworkError.swift */ = {isa = PBXFileReference; fileEncoding = 4; lastKnownFileType = sourcecode.swift; name = TeamworkError.swift; path = TeamworkAPI/TeamworkError.swift; sourceTree = "<group>"; };
		0669328D1EDCDE9800E09963 /* AuthenticationService.swift */ = {isa = PBXFileReference; fileEncoding = 4; lastKnownFileType = sourcecode.swift; name = AuthenticationService.swift; path = Services/AuthenticationService.swift; sourceTree = "<group>"; };
		06DB6EFF1EB8144000FF1B24 /* TimeLogger.app */ = {isa = PBXFileReference; explicitFileType = wrapper.application; includeInIndex = 0; path = TimeLogger.app; sourceTree = BUILT_PRODUCTS_DIR; };
		06DB6F021EB8144000FF1B24 /* AppDelegate.swift */ = {isa = PBXFileReference; lastKnownFileType = sourcecode.swift; path = AppDelegate.swift; sourceTree = "<group>"; };
		06DB6F071EB8144000FF1B24 /* Base */ = {isa = PBXFileReference; lastKnownFileType = file.storyboard; name = Base; path = Base.lproj/Main.storyboard; sourceTree = "<group>"; };
		06DB6F0C1EB8144000FF1B24 /* Assets.xcassets */ = {isa = PBXFileReference; lastKnownFileType = folder.assetcatalog; path = Assets.xcassets; sourceTree = "<group>"; };
		06DB6F0F1EB8144000FF1B24 /* Base */ = {isa = PBXFileReference; lastKnownFileType = file.storyboard; name = Base; path = Base.lproj/LaunchScreen.storyboard; sourceTree = "<group>"; };
		06DB6F111EB8144000FF1B24 /* Info.plist */ = {isa = PBXFileReference; lastKnownFileType = text.plist.xml; path = Info.plist; sourceTree = "<group>"; };
		06DB6F161EB8144000FF1B24 /* TimeLoggerTests.xctest */ = {isa = PBXFileReference; explicitFileType = wrapper.cfbundle; includeInIndex = 0; path = TimeLoggerTests.xctest; sourceTree = BUILT_PRODUCTS_DIR; };
		06DB6F1C1EB8144000FF1B24 /* Info.plist */ = {isa = PBXFileReference; lastKnownFileType = text.plist.xml; path = Info.plist; sourceTree = "<group>"; };
		0B27567B34860473B11B0DB9 /* Pods_TimeLogger.framework */ = {isa = PBXFileReference; explicitFileType = wrapper.framework; includeInIndex = 0; path = Pods_TimeLogger.framework; sourceTree = BUILT_PRODUCTS_DIR; };
		1DB3B0B7249559036BFDA765 /* Pods_TimeLoggerTests.framework */ = {isa = PBXFileReference; explicitFileType = wrapper.framework; includeInIndex = 0; path = Pods_TimeLoggerTests.framework; sourceTree = BUILT_PRODUCTS_DIR; };
		40DD327B6D8B655DD215394C /* Pods-TimeLogger.release.xcconfig */ = {isa = PBXFileReference; includeInIndex = 1; lastKnownFileType = text.xcconfig; name = "Pods-TimeLogger.release.xcconfig"; path = "Pods/Target Support Files/Pods-TimeLogger/Pods-TimeLogger.release.xcconfig"; sourceTree = "<group>"; };
		76947FF476B05EA00813C51B /* Pods-TimeLoggerTests.release.xcconfig */ = {isa = PBXFileReference; includeInIndex = 1; lastKnownFileType = text.xcconfig; name = "Pods-TimeLoggerTests.release.xcconfig"; path = "Pods/Target Support Files/Pods-TimeLoggerTests/Pods-TimeLoggerTests.release.xcconfig"; sourceTree = "<group>"; };
		9075C18BBD2CF71FBAF85A33 /* Pods-TimeLogger.debug.xcconfig */ = {isa = PBXFileReference; includeInIndex = 1; lastKnownFileType = text.xcconfig; name = "Pods-TimeLogger.debug.xcconfig"; path = "Pods/Target Support Files/Pods-TimeLogger/Pods-TimeLogger.debug.xcconfig"; sourceTree = "<group>"; };
		B55993FB52B2EC9DCFBF213E /* Pods-TimeLoggerTests.debug.xcconfig */ = {isa = PBXFileReference; includeInIndex = 1; lastKnownFileType = text.xcconfig; name = "Pods-TimeLoggerTests.debug.xcconfig"; path = "Pods/Target Support Files/Pods-TimeLoggerTests/Pods-TimeLoggerTests.debug.xcconfig"; sourceTree = "<group>"; };
/* End PBXFileReference section */

/* Begin PBXFrameworksBuildPhase section */
		06DB6EFC1EB8144000FF1B24 /* Frameworks */ = {
			isa = PBXFrameworksBuildPhase;
			buildActionMask = 2147483647;
			files = (
				21D8754296CBA49ECF395BBF /* Pods_TimeLogger.framework in Frameworks */,
			);
			runOnlyForDeploymentPostprocessing = 0;
		};
		06DB6F131EB8144000FF1B24 /* Frameworks */ = {
			isa = PBXFrameworksBuildPhase;
			buildActionMask = 2147483647;
			files = (
				C7208AC4D7F19AD46ACB5D61 /* Pods_TimeLoggerTests.framework in Frameworks */,
			);
			runOnlyForDeploymentPostprocessing = 0;
		};
/* End PBXFrameworksBuildPhase section */

/* Begin PBXGroup section */
		01DEC79E1249E357BB962F15 /* Pods */ = {
			isa = PBXGroup;
			children = (
				9075C18BBD2CF71FBAF85A33 /* Pods-TimeLogger.debug.xcconfig */,
				40DD327B6D8B655DD215394C /* Pods-TimeLogger.release.xcconfig */,
				B55993FB52B2EC9DCFBF213E /* Pods-TimeLoggerTests.debug.xcconfig */,
				76947FF476B05EA00813C51B /* Pods-TimeLoggerTests.release.xcconfig */,
			);
			name = Pods;
			sourceTree = "<group>";
		};
		066932871EDBED5700E09963 /* TeamworkAPI */ = {
			isa = PBXGroup;
			children = (
				066932881EDBEDB300E09963 /* TeamworkRouter.swift */,
				0669328A1EDBEDD000E09963 /* TeamworkError.swift */,
			);
			name = TeamworkAPI;
			sourceTree = "<group>";
		};
		0669328C1EDCDE7800E09963 /* Services */ = {
			isa = PBXGroup;
			children = (
				0669328D1EDCDE9800E09963 /* AuthenticationService.swift */,
			);
			name = Services;
			sourceTree = "<group>";
		};
		069055E31EBDB5A80043C084 /* Views + Controllers */ = {
			isa = PBXGroup;
			children = (
				06DB6F061EB8144000FF1B24 /* Main.storyboard */,
				06DB6F0E1EB8144000FF1B24 /* LaunchScreen.storyboard */,
				066932831EDBE62600E09963 /* LoginViewController.swift */,
			);
			name = "Views + Controllers";
			sourceTree = "<group>";
		};
		069055E91EBDB7EC0043C084 /* Model */ = {
			isa = PBXGroup;
			children = (
			);
			name = Model;
			sourceTree = "<group>";
		};
		06DB6EF61EB8144000FF1B24 = {
			isa = PBXGroup;
			children = (
				06DB6F011EB8144000FF1B24 /* TimeLogger */,
				06DB6F191EB8144000FF1B24 /* TimeLoggerTests */,
				06DB6F001EB8144000FF1B24 /* Products */,
				01DEC79E1249E357BB962F15 /* Pods */,
				AFD8633F6CC86971A097F077 /* Frameworks */,
			);
			sourceTree = "<group>";
		};
		06DB6F001EB8144000FF1B24 /* Products */ = {
			isa = PBXGroup;
			children = (
				06DB6EFF1EB8144000FF1B24 /* TimeLogger.app */,
				06DB6F161EB8144000FF1B24 /* TimeLoggerTests.xctest */,
			);
			name = Products;
			sourceTree = "<group>";
		};
		06DB6F011EB8144000FF1B24 /* TimeLogger */ = {
			isa = PBXGroup;
			children = (
				0669328C1EDCDE7800E09963 /* Services */,
				069055E91EBDB7EC0043C084 /* Model */,
				06DB6F021EB8144000FF1B24 /* AppDelegate.swift */,
				069055E31EBDB5A80043C084 /* Views + Controllers */,
				06DB6F0C1EB8144000FF1B24 /* Assets.xcassets */,
				06DB6F111EB8144000FF1B24 /* Info.plist */,
				066932871EDBED5700E09963 /* TeamworkAPI */,
			);
			path = TimeLogger;
			sourceTree = "<group>";
		};
		06DB6F191EB8144000FF1B24 /* TimeLoggerTests */ = {
			isa = PBXGroup;
			children = (
				06DB6F1C1EB8144000FF1B24 /* Info.plist */,
			);
			path = TimeLoggerTests;
			sourceTree = "<group>";
		};
		AFD8633F6CC86971A097F077 /* Frameworks */ = {
			isa = PBXGroup;
			children = (
				0B27567B34860473B11B0DB9 /* Pods_TimeLogger.framework */,
				1DB3B0B7249559036BFDA765 /* Pods_TimeLoggerTests.framework */,
			);
			name = Frameworks;
			sourceTree = "<group>";
		};
/* End PBXGroup section */

/* Begin PBXNativeTarget section */
		06DB6EFE1EB8144000FF1B24 /* TimeLogger */ = {
			isa = PBXNativeTarget;
			buildConfigurationList = 06DB6F1F1EB8144000FF1B24 /* Build configuration list for PBXNativeTarget "TimeLogger" */;
			buildPhases = (
				2248738E401D7DD6F9162B50 /* [CP] Check Pods Manifest.lock */,
				06DB6EFB1EB8144000FF1B24 /* Sources */,
				06DB6EFC1EB8144000FF1B24 /* Frameworks */,
				06DB6EFD1EB8144000FF1B24 /* Resources */,
				92FF9DE2EDFCC39B204A4AD1 /* [CP] Embed Pods Frameworks */,
				47EF9F63C74BC2A9462D5943 /* [CP] Copy Pods Resources */,
			);
			buildRules = (
			);
			dependencies = (
			);
			name = TimeLogger;
			productName = TimeLogger;
			productReference = 06DB6EFF1EB8144000FF1B24 /* TimeLogger.app */;
			productType = "com.apple.product-type.application";
		};
		06DB6F151EB8144000FF1B24 /* TimeLoggerTests */ = {
			isa = PBXNativeTarget;
			buildConfigurationList = 06DB6F221EB8144000FF1B24 /* Build configuration list for PBXNativeTarget "TimeLoggerTests" */;
			buildPhases = (
				9F389DE5B5F568AF779FC205 /* [CP] Check Pods Manifest.lock */,
				06DB6F121EB8144000FF1B24 /* Sources */,
				06DB6F131EB8144000FF1B24 /* Frameworks */,
				06DB6F141EB8144000FF1B24 /* Resources */,
				7217CAA35919D95D38DAB65B /* [CP] Embed Pods Frameworks */,
				D0AFE9381C5EB886CFAB381F /* [CP] Copy Pods Resources */,
			);
			buildRules = (
			);
			dependencies = (
				06DB6F181EB8144000FF1B24 /* PBXTargetDependency */,
			);
			name = TimeLoggerTests;
			productName = TimeLoggerTests;
			productReference = 06DB6F161EB8144000FF1B24 /* TimeLoggerTests.xctest */;
			productType = "com.apple.product-type.bundle.unit-test";
		};
/* End PBXNativeTarget section */

/* Begin PBXProject section */
		06DB6EF71EB8144000FF1B24 /* Project object */ = {
			isa = PBXProject;
			attributes = {
				LastSwiftUpdateCheck = 0830;
				LastUpgradeCheck = 0830;
				ORGANIZATIONNAME = "Francis Breidenbach";
				TargetAttributes = {
					06DB6EFE1EB8144000FF1B24 = {
						CreatedOnToolsVersion = 8.3.2;
						DevelopmentTeam = WA3KPNE52J;
						ProvisioningStyle = Automatic;
					};
					06DB6F151EB8144000FF1B24 = {
						CreatedOnToolsVersion = 8.3.2;
						DevelopmentTeam = WA3KPNE52J;
						ProvisioningStyle = Automatic;
						TestTargetID = 06DB6EFE1EB8144000FF1B24;
					};
				};
			};
			buildConfigurationList = 06DB6EFA1EB8144000FF1B24 /* Build configuration list for PBXProject "TimeLogger" */;
			compatibilityVersion = "Xcode 3.2";
			developmentRegion = English;
			hasScannedForEncodings = 0;
			knownRegions = (
				en,
				Base,
			);
			mainGroup = 06DB6EF61EB8144000FF1B24;
			productRefGroup = 06DB6F001EB8144000FF1B24 /* Products */;
			projectDirPath = "";
			projectRoot = "";
			targets = (
				06DB6EFE1EB8144000FF1B24 /* TimeLogger */,
				06DB6F151EB8144000FF1B24 /* TimeLoggerTests */,
			);
		};
/* End PBXProject section */

/* Begin PBXResourcesBuildPhase section */
		06DB6EFD1EB8144000FF1B24 /* Resources */ = {
			isa = PBXResourcesBuildPhase;
			buildActionMask = 2147483647;
			files = (
				06DB6F101EB8144000FF1B24 /* LaunchScreen.storyboard in Resources */,
				06DB6F0D1EB8144000FF1B24 /* Assets.xcassets in Resources */,
				06DB6F081EB8144000FF1B24 /* Main.storyboard in Resources */,
			);
			runOnlyForDeploymentPostprocessing = 0;
		};
		06DB6F141EB8144000FF1B24 /* Resources */ = {
			isa = PBXResourcesBuildPhase;
			buildActionMask = 2147483647;
			files = (
			);
			runOnlyForDeploymentPostprocessing = 0;
		};
/* End PBXResourcesBuildPhase section */

/* Begin PBXShellScriptBuildPhase section */
		2248738E401D7DD6F9162B50 /* [CP] Check Pods Manifest.lock */ = {
			isa = PBXShellScriptBuildPhase;
			buildActionMask = 2147483647;
			files = (
			);
			inputPaths = (
			);
			name = "[CP] Check Pods Manifest.lock";
			outputPaths = (
			);
			runOnlyForDeploymentPostprocessing = 0;
			shellPath = /bin/sh;
			shellScript = "diff \"${PODS_PODFILE_DIR_PATH}/Podfile.lock\" \"${PODS_ROOT}/Manifest.lock\" > /dev/null\nif [ $? != 0 ] ; then\n    # print error to STDERR\n    echo \"error: The sandbox is not in sync with the Podfile.lock. Run 'pod install' or update your CocoaPods installation.\" >&2\n    exit 1\nfi\n";
			showEnvVarsInLog = 0;
		};
		47EF9F63C74BC2A9462D5943 /* [CP] Copy Pods Resources */ = {
			isa = PBXShellScriptBuildPhase;
			buildActionMask = 2147483647;
			files = (
			);
			inputPaths = (
			);
			name = "[CP] Copy Pods Resources";
			outputPaths = (
			);
			runOnlyForDeploymentPostprocessing = 0;
			shellPath = /bin/sh;
			shellScript = "\"${SRCROOT}/Pods/Target Support Files/Pods-TimeLogger/Pods-TimeLogger-resources.sh\"\n";
			showEnvVarsInLog = 0;
		};
		7217CAA35919D95D38DAB65B /* [CP] Embed Pods Frameworks */ = {
			isa = PBXShellScriptBuildPhase;
			buildActionMask = 2147483647;
			files = (
			);
			inputPaths = (
			);
			name = "[CP] Embed Pods Frameworks";
			outputPaths = (
			);
			runOnlyForDeploymentPostprocessing = 0;
			shellPath = /bin/sh;
			shellScript = "\"${SRCROOT}/Pods/Target Support Files/Pods-TimeLoggerTests/Pods-TimeLoggerTests-frameworks.sh\"\n";
			showEnvVarsInLog = 0;
		};
		92FF9DE2EDFCC39B204A4AD1 /* [CP] Embed Pods Frameworks */ = {
			isa = PBXShellScriptBuildPhase;
			buildActionMask = 2147483647;
			files = (
			);
			inputPaths = (
			);
			name = "[CP] Embed Pods Frameworks";
			outputPaths = (
			);
			runOnlyForDeploymentPostprocessing = 0;
			shellPath = /bin/sh;
			shellScript = "\"${SRCROOT}/Pods/Target Support Files/Pods-TimeLogger/Pods-TimeLogger-frameworks.sh\"\n";
			showEnvVarsInLog = 0;
		};
		9F389DE5B5F568AF779FC205 /* [CP] Check Pods Manifest.lock */ = {
			isa = PBXShellScriptBuildPhase;
			buildActionMask = 2147483647;
			files = (
			);
			inputPaths = (
			);
			name = "[CP] Check Pods Manifest.lock";
			outputPaths = (
			);
			runOnlyForDeploymentPostprocessing = 0;
			shellPath = /bin/sh;
			shellScript = "diff \"${PODS_PODFILE_DIR_PATH}/Podfile.lock\" \"${PODS_ROOT}/Manifest.lock\" > /dev/null\nif [ $? != 0 ] ; then\n    # print error to STDERR\n    echo \"error: The sandbox is not in sync with the Podfile.lock. Run 'pod install' or update your CocoaPods installation.\" >&2\n    exit 1\nfi\n";
			showEnvVarsInLog = 0;
		};
		D0AFE9381C5EB886CFAB381F /* [CP] Copy Pods Resources */ = {
			isa = PBXShellScriptBuildPhase;
			buildActionMask = 2147483647;
			files = (
			);
			inputPaths = (
			);
			name = "[CP] Copy Pods Resources";
			outputPaths = (
			);
			runOnlyForDeploymentPostprocessing = 0;
			shellPath = /bin/sh;
			shellScript = "\"${SRCROOT}/Pods/Target Support Files/Pods-TimeLoggerTests/Pods-TimeLoggerTests-resources.sh\"\n";
			showEnvVarsInLog = 0;
		};
/* End PBXShellScriptBuildPhase section */

/* Begin PBXSourcesBuildPhase section */
		06DB6EFB1EB8144000FF1B24 /* Sources */ = {
			isa = PBXSourcesBuildPhase;
			buildActionMask = 2147483647;
			files = (
				066932891EDBEDB300E09963 /* TeamworkRouter.swift in Sources */,
				066932841EDBE62600E09963 /* LoginViewController.swift in Sources */,
				0669328B1EDBEDD000E09963 /* TeamworkError.swift in Sources */,
				06DB6F031EB8144000FF1B24 /* AppDelegate.swift in Sources */,
				0669328E1EDCDE9800E09963 /* AuthenticationService.swift in Sources */,
			);
			runOnlyForDeploymentPostprocessing = 0;
		};
		06DB6F121EB8144000FF1B24 /* Sources */ = {
			isa = PBXSourcesBuildPhase;
			buildActionMask = 2147483647;
			files = (
			);
			runOnlyForDeploymentPostprocessing = 0;
		};
/* End PBXSourcesBuildPhase section */

/* Begin PBXTargetDependency section */
		06DB6F181EB8144000FF1B24 /* PBXTargetDependency */ = {
			isa = PBXTargetDependency;
			target = 06DB6EFE1EB8144000FF1B24 /* TimeLogger */;
			targetProxy = 06DB6F171EB8144000FF1B24 /* PBXContainerItemProxy */;
		};
/* End PBXTargetDependency section */

/* Begin PBXVariantGroup section */
		06DB6F061EB8144000FF1B24 /* Main.storyboard */ = {
			isa = PBXVariantGroup;
			children = (
				06DB6F071EB8144000FF1B24 /* Base */,
			);
			name = Main.storyboard;
			sourceTree = "<group>";
		};
		06DB6F0E1EB8144000FF1B24 /* LaunchScreen.storyboard */ = {
			isa = PBXVariantGroup;
			children = (
				06DB6F0F1EB8144000FF1B24 /* Base */,
			);
			name = LaunchScreen.storyboard;
			sourceTree = "<group>";
		};
/* End PBXVariantGroup section */

/* Begin XCBuildConfiguration section */
		06DB6F1D1EB8144000FF1B24 /* Debug */ = {
			isa = XCBuildConfiguration;
			buildSettings = {
				ALWAYS_SEARCH_USER_PATHS = NO;
				CLANG_ANALYZER_NONNULL = YES;
				CLANG_ANALYZER_NUMBER_OBJECT_CONVERSION = YES_AGGRESSIVE;
				CLANG_CXX_LANGUAGE_STANDARD = "gnu++0x";
				CLANG_CXX_LIBRARY = "libc++";
				CLANG_ENABLE_MODULES = YES;
				CLANG_ENABLE_OBJC_ARC = YES;
				CLANG_WARN_BOOL_CONVERSION = YES;
				CLANG_WARN_CONSTANT_CONVERSION = YES;
				CLANG_WARN_DIRECT_OBJC_ISA_USAGE = YES_ERROR;
				CLANG_WARN_DOCUMENTATION_COMMENTS = YES;
				CLANG_WARN_EMPTY_BODY = YES;
				CLANG_WARN_ENUM_CONVERSION = YES;
				CLANG_WARN_INFINITE_RECURSION = YES;
				CLANG_WARN_INT_CONVERSION = YES;
				CLANG_WARN_OBJC_ROOT_CLASS = YES_ERROR;
				CLANG_WARN_SUSPICIOUS_MOVE = YES;
				CLANG_WARN_UNREACHABLE_CODE = YES;
				CLANG_WARN__DUPLICATE_METHOD_MATCH = YES;
				"CODE_SIGN_IDENTITY[sdk=iphoneos*]" = "iPhone Developer";
				COPY_PHASE_STRIP = NO;
				DEBUG_INFORMATION_FORMAT = dwarf;
				ENABLE_STRICT_OBJC_MSGSEND = YES;
				ENABLE_TESTABILITY = YES;
				GCC_C_LANGUAGE_STANDARD = gnu99;
				GCC_DYNAMIC_NO_PIC = NO;
				GCC_NO_COMMON_BLOCKS = YES;
				GCC_OPTIMIZATION_LEVEL = 0;
				GCC_PREPROCESSOR_DEFINITIONS = (
					"DEBUG=1",
					"$(inherited)",
				);
				GCC_WARN_64_TO_32_BIT_CONVERSION = YES;
				GCC_WARN_ABOUT_RETURN_TYPE = YES_ERROR;
				GCC_WARN_UNDECLARED_SELECTOR = YES;
				GCC_WARN_UNINITIALIZED_AUTOS = YES_AGGRESSIVE;
				GCC_WARN_UNUSED_FUNCTION = YES;
				GCC_WARN_UNUSED_VARIABLE = YES;
				IPHONEOS_DEPLOYMENT_TARGET = 10.0;
				MTL_ENABLE_DEBUG_INFO = YES;
				ONLY_ACTIVE_ARCH = YES;
				SDKROOT = iphoneos;
				SWIFT_ACTIVE_COMPILATION_CONDITIONS = DEBUG;
				SWIFT_OPTIMIZATION_LEVEL = "-Onone";
			};
			name = Debug;
		};
		06DB6F1E1EB8144000FF1B24 /* Release */ = {
			isa = XCBuildConfiguration;
			buildSettings = {
				ALWAYS_SEARCH_USER_PATHS = NO;
				CLANG_ANALYZER_NONNULL = YES;
				CLANG_ANALYZER_NUMBER_OBJECT_CONVERSION = YES_AGGRESSIVE;
				CLANG_CXX_LANGUAGE_STANDARD = "gnu++0x";
				CLANG_CXX_LIBRARY = "libc++";
				CLANG_ENABLE_MODULES = YES;
				CLANG_ENABLE_OBJC_ARC = YES;
				CLANG_WARN_BOOL_CONVERSION = YES;
				CLANG_WARN_CONSTANT_CONVERSION = YES;
				CLANG_WARN_DIRECT_OBJC_ISA_USAGE = YES_ERROR;
				CLANG_WARN_DOCUMENTATION_COMMENTS = YES;
				CLANG_WARN_EMPTY_BODY = YES;
				CLANG_WARN_ENUM_CONVERSION = YES;
				CLANG_WARN_INFINITE_RECURSION = YES;
				CLANG_WARN_INT_CONVERSION = YES;
				CLANG_WARN_OBJC_ROOT_CLASS = YES_ERROR;
				CLANG_WARN_SUSPICIOUS_MOVE = YES;
				CLANG_WARN_UNREACHABLE_CODE = YES;
				CLANG_WARN__DUPLICATE_METHOD_MATCH = YES;
				"CODE_SIGN_IDENTITY[sdk=iphoneos*]" = "iPhone Developer";
				COPY_PHASE_STRIP = NO;
				DEBUG_INFORMATION_FORMAT = "dwarf-with-dsym";
				ENABLE_NS_ASSERTIONS = NO;
				ENABLE_STRICT_OBJC_MSGSEND = YES;
				GCC_C_LANGUAGE_STANDARD = gnu99;
				GCC_NO_COMMON_BLOCKS = YES;
				GCC_WARN_64_TO_32_BIT_CONVERSION = YES;
				GCC_WARN_ABOUT_RETURN_TYPE = YES_ERROR;
				GCC_WARN_UNDECLARED_SELECTOR = YES;
				GCC_WARN_UNINITIALIZED_AUTOS = YES_AGGRESSIVE;
				GCC_WARN_UNUSED_FUNCTION = YES;
				GCC_WARN_UNUSED_VARIABLE = YES;
				IPHONEOS_DEPLOYMENT_TARGET = 10.0;
				MTL_ENABLE_DEBUG_INFO = NO;
				SDKROOT = iphoneos;
				SWIFT_OPTIMIZATION_LEVEL = "-Owholemodule";
				VALIDATE_PRODUCT = YES;
			};
			name = Release;
		};
		06DB6F201EB8144000FF1B24 /* Debug */ = {
			isa = XCBuildConfiguration;
			baseConfigurationReference = 9075C18BBD2CF71FBAF85A33 /* Pods-TimeLogger.debug.xcconfig */;
			buildSettings = {
				ASSETCATALOG_COMPILER_APPICON_NAME = AppIcon;
				DEVELOPMENT_TEAM = WA3KPNE52J;
				INFOPLIST_FILE = TimeLogger/Info.plist;
				IPHONEOS_DEPLOYMENT_TARGET = 10.0;
				LD_RUNPATH_SEARCH_PATHS = "$(inherited) @executable_path/Frameworks";
				PRODUCT_BUNDLE_IDENTIFIER = com.fbreidenbach.TimeLogger;
				PRODUCT_NAME = "$(TARGET_NAME)";
				SWIFT_VERSION = 3.0;
			};
			name = Debug;
		};
		06DB6F211EB8144000FF1B24 /* Release */ = {
			isa = XCBuildConfiguration;
			baseConfigurationReference = 40DD327B6D8B655DD215394C /* Pods-TimeLogger.release.xcconfig */;
			buildSettings = {
				ASSETCATALOG_COMPILER_APPICON_NAME = AppIcon;
				DEVELOPMENT_TEAM = WA3KPNE52J;
				INFOPLIST_FILE = TimeLogger/Info.plist;
				IPHONEOS_DEPLOYMENT_TARGET = 10.0;
				LD_RUNPATH_SEARCH_PATHS = "$(inherited) @executable_path/Frameworks";
				PRODUCT_BUNDLE_IDENTIFIER = com.fbreidenbach.TimeLogger;
				PRODUCT_NAME = "$(TARGET_NAME)";
				SWIFT_VERSION = 3.0;
			};
			name = Release;
		};
		06DB6F231EB8144000FF1B24 /* Debug */ = {
			isa = XCBuildConfiguration;
			baseConfigurationReference = B55993FB52B2EC9DCFBF213E /* Pods-TimeLoggerTests.debug.xcconfig */;
			buildSettings = {
				ALWAYS_EMBED_SWIFT_STANDARD_LIBRARIES = YES;
				BUNDLE_LOADER = "$(TEST_HOST)";
				DEVELOPMENT_TEAM = WA3KPNE52J;
				INFOPLIST_FILE = TimeLoggerTests/Info.plist;
				LD_RUNPATH_SEARCH_PATHS = "$(inherited) @executable_path/Frameworks @loader_path/Frameworks";
				PRODUCT_BUNDLE_IDENTIFIER = com.fbreidenbach.TimeLoggerTests;
				PRODUCT_NAME = "$(TARGET_NAME)";
				SWIFT_VERSION = 3.0;
				TEST_HOST = "$(BUILT_PRODUCTS_DIR)/TimeLogger.app/TimeLogger";
			};
			name = Debug;
		};
		06DB6F241EB8144000FF1B24 /* Release */ = {
			isa = XCBuildConfiguration;
			baseConfigurationReference = 76947FF476B05EA00813C51B /* Pods-TimeLoggerTests.release.xcconfig */;
			buildSettings = {
				ALWAYS_EMBED_SWIFT_STANDARD_LIBRARIES = YES;
				BUNDLE_LOADER = "$(TEST_HOST)";
				DEVELOPMENT_TEAM = WA3KPNE52J;
				INFOPLIST_FILE = TimeLoggerTests/Info.plist;
				LD_RUNPATH_SEARCH_PATHS = "$(inherited) @executable_path/Frameworks @loader_path/Frameworks";
				PRODUCT_BUNDLE_IDENTIFIER = com.fbreidenbach.TimeLoggerTests;
				PRODUCT_NAME = "$(TARGET_NAME)";
				SWIFT_VERSION = 3.0;
				TEST_HOST = "$(BUILT_PRODUCTS_DIR)/TimeLogger.app/TimeLogger";
			};
			name = Release;
		};
/* End XCBuildConfiguration section */

/* Begin XCConfigurationList section */
		06DB6EFA1EB8144000FF1B24 /* Build configuration list for PBXProject "TimeLogger" */ = {
			isa = XCConfigurationList;
			buildConfigurations = (
				06DB6F1D1EB8144000FF1B24 /* Debug */,
				06DB6F1E1EB8144000FF1B24 /* Release */,
			);
			defaultConfigurationIsVisible = 0;
			defaultConfigurationName = Release;
		};
		06DB6F1F1EB8144000FF1B24 /* Build configuration list for PBXNativeTarget "TimeLogger" */ = {
			isa = XCConfigurationList;
			buildConfigurations = (
				06DB6F201EB8144000FF1B24 /* Debug */,
				06DB6F211EB8144000FF1B24 /* Release */,
			);
			defaultConfigurationIsVisible = 0;
			defaultConfigurationName = Release;
		};
		06DB6F221EB8144000FF1B24 /* Build configuration list for PBXNativeTarget "TimeLoggerTests" */ = {
			isa = XCConfigurationList;
			buildConfigurations = (
				06DB6F231EB8144000FF1B24 /* Debug */,
				06DB6F241EB8144000FF1B24 /* Release */,
			);
			defaultConfigurationIsVisible = 0;
			defaultConfigurationName = Release;
		};
/* End XCConfigurationList section */
	};
	rootObject = 06DB6EF71EB8144000FF1B24 /* Project object */;
}
